{
  "lockfileVersion": 1,
  "workspaces": {
    "": {
      "name": "redis-playground",
      "dependencies": {
        "prettier": "^3.5.3",
        "redis": "^5.0.0",
        "zod": "^3.24.3",
      },
      "devDependencies": {
        "@types/bun": "latest",
      },
      "peerDependencies": {
        "typescript": "^5",
      },
    },
  },
  "packages": {
    "@redis/bloom": ["@redis/bloom@5.0.0", "", { "peerDependencies": { "@redis/client": "^5.0.0" } }, "sha512-YHlra6a7+brJ3Ustqa+jC68Pdnw2/wbnVLeULN0llP3gHpKxOSmiDyLwuHq5t/jFi6QUgjSprUQi2a8CieKFIA=="],

    "@redis/client": ["@redis/client@5.0.0", "", { "dependencies": { "cluster-key-slot": "1.1.2" } }, "sha512-1MqfzOOoFBwWprigJ3S5hM+LuzaWwxyyx+74NDzCpmjKWyjjC07xkWsd5E9fr+61NUDtvUivRiyAxGiRIwJCaQ=="],

    "@redis/json": ["@redis/json@5.0.0", "", { "peerDependencies": { "@redis/client": "^5.0.0" } }, "sha512-8YFjshsvWR9dWjOiQ50TfBxfl+z1mjCae8jDnfOYN1aCvUZWJXqM1OpL56v6mWRyXwZ5C9qJJKDGmHTr4PVskQ=="],

    "@redis/search": ["@redis/search@5.0.0", "", { "peerDependencies": { "@redis/client": "^5.0.0" } }, "sha512-oEop/S/0NB5p7vpTTlp5X5LQO4oTomJnFEOaKhQ5xZWROLXTgEVvPSfXVNBbtr9maU2+OupxXQR63HW3MGeTUg=="],

    "@redis/time-series": ["@redis/time-series@5.0.0", "", { "peerDependencies": { "@redis/client": "^5.0.0" } }, "sha512-DNsP4DH5CRfXlQDyvLJm2DltZm3kjpVKZsNTI3SPdbRxhc9i2c0NehUbM/gDECnEfG+jkNN/LUv6Em4LaLwPBQ=="],

    "@types/bun": ["@types/bun@1.2.12", "", { "dependencies": { "bun-types": "1.2.12" } }, "sha512-lY/GQTXDGsolT/TiH72p1tuyUORuRrdV7VwOTOjDOt8uTBJQOJc5zz3ufwwDl0VBaoxotSk4LdP0hhjLJ6ypIQ=="],

    "@types/node": ["@types/node@22.15.3", "", { "dependencies": { "undici-types": "~6.21.0" } }, "sha512-lX7HFZeHf4QG/J7tBZqrCAXwz9J5RD56Y6MpP0eJkka8p+K0RY/yBTW7CYFJ4VGCclxqOLKmiGP5juQc6MKgcw=="],

    "bun-types": ["bun-types@1.2.12", "", { "dependencies": { "@types/node": "*" } }, "sha512-tvWMx5vPqbRXgE8WUZI94iS1xAYs8bkqESR9cxBB1Wi+urvfTrF1uzuDgBHFAdO0+d2lmsbG3HmeKMvUyj6pWA=="],

    "cluster-key-slot": ["cluster-key-slot@1.1.2", "", {}, "sha512-RMr0FhtfXemyinomL4hrWcYJxmX6deFdCxpJzhDttxgO1+bcCnkk+9drydLVDmAMG7NE6aN/fl4F7ucU/90gAA=="],

    "prettier": ["prettier@3.5.3", "", { "bin": { "prettier": "bin/prettier.cjs" } }, "sha512-QQtaxnoDJeAkDvDKWCLiwIXkTgRhwYDEQCghU9Z6q03iyek/rxRh/2lC3HB7P8sWT2xC/y5JDctPLBIGzHKbhw=="],

    "redis": ["redis@5.0.0", "", { "dependencies": { "@redis/bloom": "5.0.0", "@redis/client": "5.0.0", "@redis/json": "5.0.0", "@redis/search": "5.0.0", "@redis/time-series": "5.0.0" } }, "sha512-J/fzf0cYeFw5NP4aYIvv9owYOcNUsaDqF4qmwbSuaV4yKBLaIHJQIFbAKLgjn99GDXdJBbfqCRXE7+BIlkpATA=="],

    "typescript": ["typescript@5.8.3", "", { "bin": { "tsc": "bin/tsc", "tsserver": "bin/tsserver" } }, "sha512-p1diW6TqL9L07nNxvRMM7hMMw4c5XOo/1ibL4aAIGmSAt9slTE1Xgw5KWuof2uTOvCg9BY7ZRi+GaF+7sfgPeQ=="],

    "undici-types": ["undici-types@6.21.0", "", {}, "sha512-iwDZqg0QAGrg9Rav5H4n0M64c3mkR59cJ6wQp+7C4nI0gsmExaedaYLNO44eT4AtBBwjbTiGPMlt2Md0T9H9JQ=="],

    "zod": ["zod@3.24.3", "", {}, "sha512-HhY1oqzWCQWuUqvBFnsyrtZRhyPeR7SUGv+C4+MsisMuVfSPx8HpwWqH8tRahSlt6M3PiFAcoeFhZAqIXTxoSg=="],
  }
}
